PODS:
  - libextobjc (0.4.1):
    - libextobjc/EXTADT (= 0.4.1)
    - libextobjc/EXTConcreteProtocol (= 0.4.1)
    - libextobjc/EXTKeyPathCoding (= 0.4.1)
    - libextobjc/EXTNil (= 0.4.1)
    - libextobjc/EXTSafeCategory (= 0.4.1)
    - libextobjc/EXTScope (= 0.4.1)
    - libextobjc/EXTSelectorChecking (= 0.4.1)
    - libextobjc/EXTSynthesize (= 0.4.1)
    - libextobjc/NSInvocation+EXT (= 0.4.1)
    - libextobjc/NSMethodSignature+EXT (= 0.4.1)
    - libextobjc/RuntimeExtensions (= 0.4.1)
    - libextobjc/UmbrellaHeader (= 0.4.1)
  - libextobjc/EXTADT (0.4.1):
    - libextobjc/RuntimeExtensions
  - libextobjc/EXTConcreteProtocol (0.4.1):
    - libextobjc/RuntimeExtensions
  - libextobjc/EXTKeyPathCoding (0.4.1):
    - libextobjc/RuntimeExtensions
  - libextobjc/EXTNil (0.4.1):
    - libextobjc/RuntimeExtensions
  - libextobjc/EXTSafeCategory (0.4.1):
    - libextobjc/RuntimeExtensions
  - libextobjc/EXTScope (0.4.1):
    - libextobjc/RuntimeExtensions
  - libextobjc/EXTSelectorChecking (0.4.1):
    - libextobjc/RuntimeExtensions
  - libextobjc/EXTSynthesize (0.4.1):
    - libextobjc/RuntimeExtensions
  - libextobjc/NSInvocation+EXT (0.4.1):
    - libextobjc/RuntimeExtensions
  - libextobjc/NSMethodSignature+EXT (0.4.1):
    - libextobjc/RuntimeExtensions
  - libextobjc/RuntimeExtensions (0.4.1)
  - libextobjc/UmbrellaHeader (0.4.1)
  - MAGMatveevReusable (0.2.0)
  - MAGTablesCollections (0.1.9):
    - MAGMatveevReusable (~> 0.2.0)
    - Masonry (~> 1.0)
  - Masonry (1.0.2)

DEPENDENCIES:
  - libextobjc (~> 0.4.1)
  - MAGMatveevReusable (from `https://github.com/Magora-IOS/MAGMatveevReusable.git`)
  - MAGTablesCollections (from `../`)
  - Masonry (~> 1.0)

EXTERNAL SOURCES:
  MAGMatveevReusable:
    :git: https://github.com/Magora-IOS/MAGMatveevReusable.git
  MAGTablesCollections:
    :path: "../"

CHECKOUT OPTIONS:
  MAGMatveevReusable:
    :commit: 2a7e7c65520a959591da70306257d0cdaea040e6
    :git: https://github.com/Magora-IOS/MAGMatveevReusable.git

SPEC CHECKSUMS:
  libextobjc: a650fc1bf489a3d3a9bc2e621efa3e1006fc5471
  MAGMatveevReusable: d2de92be58811359b1cd675455fc0064ffa9b468
  MAGTablesCollections: 846efc9380456d24db1cab342d50e58269574053
  Masonry: 7c429b56da9d4ee0bbb3ed77a5ea710d6a5df39e

PODFILE CHECKSUM: 52d9124dfe4a1112fe8bfd3d3666927959a47825

COCOAPODS: 1.1.0
