// !$*UTF8*$!
{
	archiveVersion = 1;
	classes = {
	};
	objectVersion = 46;
	objects = {

/* Begin PBXBuildFile section */
		6003F58E195388D20070C39A /* Foundation.framework in Frameworks */ = {isa = PBXBuildFile; fileRef = 6003F58D195388D20070C39A /* Foundation.framework */; };
		6003F590195388D20070C39A /* CoreGraphics.framework in Frameworks */ = {isa = PBXBuildFile; fileRef = 6003F58F195388D20070C39A /* CoreGraphics.framework */; };
		6003F592195388D20070C39A /* UIKit.framework in Frameworks */ = {isa = PBXBuildFile; fileRef = 6003F591195388D20070C39A /* UIKit.framework */; };
		6003F598195388D20070C39A /* InfoPlist.strings in Resources */ = {isa = PBXBuildFile; fileRef = 6003F596195388D20070C39A /* InfoPlist.strings */; };
		6003F59A195388D20070C39A /* main.m in Sources */ = {isa = PBXBuildFile; fileRef = 6003F599195388D20070C39A /* main.m */; };
		6003F59E195388D20070C39A /* MAGAppDelegate.m in Sources */ = {isa = PBXBuildFile; fileRef = 6003F59D195388D20070C39A /* MAGAppDelegate.m */; };
		6003F5A9195388D20070C39A /* Images.xcassets in Resources */ = {isa = PBXBuildFile; fileRef = 6003F5A8195388D20070C39A /* Images.xcassets */; };
		6003F5B0195388D20070C39A /* XCTest.framework in Frameworks */ = {isa = PBXBuildFile; fileRef = 6003F5AF195388D20070C39A /* XCTest.framework */; };
		6003F5B1195388D20070C39A /* Foundation.framework in Frameworks */ = {isa = PBXBuildFile; fileRef = 6003F58D195388D20070C39A /* Foundation.framework */; };
		6003F5B2195388D20070C39A /* UIKit.framework in Frameworks */ = {isa = PBXBuildFile; fileRef = 6003F591195388D20070C39A /* UIKit.framework */; };
		6003F5BA195388D20070C39A /* InfoPlist.strings in Resources */ = {isa = PBXBuildFile; fileRef = 6003F5B8195388D20070C39A /* InfoPlist.strings */; };
		6003F5BC195388D20070C39A /* Tests.m in Sources */ = {isa = PBXBuildFile; fileRef = 6003F5BB195388D20070C39A /* Tests.m */; };
		6FD5D8F5257C1EF097DB0565 /* Pods_MAGTablesCollections_Example.framework in Frameworks */ = {isa = PBXBuildFile; fileRef = D369BC9CFD346789C63528B6 /* Pods_MAGTablesCollections_Example.framework */; };
		C78D6AE91D780D9D00F86C0B /* NOTICE in Resources */ = {isa = PBXBuildFile; fileRef = C78D6AE81D780D9D00F86C0B /* NOTICE */; };
		C78D6AEC1D780E4800F86C0B /* MAGComfortTextInput.gif in Resources */ = {isa = PBXBuildFile; fileRef = C78D6AEB1D780E4800F86C0B /* MAGComfortTextInput.gif */; };
		C78D6AF41D78268E00F86C0B /* CollectionCell1.xib in Resources */ = {isa = PBXBuildFile; fileRef = C78D6AED1D78268E00F86C0B /* CollectionCell1.xib */; };
		C78D6AF51D78268E00F86C0B /* CollectionViewController1.m in Sources */ = {isa = PBXBuildFile; fileRef = C78D6AEF1D78268E00F86C0B /* CollectionViewController1.m */; };
		C78D6AF61D78268E00F86C0B /* CollectionViewController1.xib in Resources */ = {isa = PBXBuildFile; fileRef = C78D6AF01D78268E00F86C0B /* CollectionViewController1.xib */; };
		C78D6AF71D78268E00F86C0B /* MainViewController.m in Sources */ = {isa = PBXBuildFile; fileRef = C78D6AF21D78268E00F86C0B /* MainViewController.m */; };
		C78D6AF81D78268E00F86C0B /* MainViewController.xib in Resources */ = {isa = PBXBuildFile; fileRef = C78D6AF31D78268E00F86C0B /* MainViewController.xib */; };
		C78D6AFB1D7828AF00F86C0B /* CollectionManager1.m in Sources */ = {isa = PBXBuildFile; fileRef = C78D6AFA1D7828AF00F86C0B /* CollectionManager1.m */; };
		C78D6AFE1D782D1B00F86C0B /* CollectionCell1.m in Sources */ = {isa = PBXBuildFile; fileRef = C78D6AFD1D782D1B00F86C0B /* CollectionCell1.m */; };
		C78D6B031D7857DD00F86C0B /* TableViewController1.m in Sources */ = {isa = PBXBuildFile; fileRef = C78D6B021D7857DD00F86C0B /* TableViewController1.m */; };
		C78D6B051D78585100F86C0B /* TableViewController1.xib in Resources */ = {isa = PBXBuildFile; fileRef = C78D6B041D78585100F86C0B /* TableViewController1.xib */; };
		C78D6B081D78588B00F86C0B /* TableManager1.m in Sources */ = {isa = PBXBuildFile; fileRef = C78D6B071D78588B00F86C0B /* TableManager1.m */; };
		C78D6B0B1D7858EF00F86C0B /* Cell1.m in Sources */ = {isa = PBXBuildFile; fileRef = C78D6B0A1D7858EF00F86C0B /* Cell1.m */; };
		C78D6B0D1D7858F900F86C0B /* Cell1.xib in Resources */ = {isa = PBXBuildFile; fileRef = C78D6B0C1D7858F900F86C0B /* Cell1.xib */; };
		C78D6B0F1D7859D200F86C0B /* Cell2.xib in Resources */ = {isa = PBXBuildFile; fileRef = C78D6B0E1D7859D200F86C0B /* Cell2.xib */; };
		C78D6B121D7859DC00F86C0B /* Cell2.m in Sources */ = {isa = PBXBuildFile; fileRef = C78D6B111D7859DC00F86C0B /* Cell2.m */; };
		C78D6B141D78607600F86C0B /* Header1.xib in Resources */ = {isa = PBXBuildFile; fileRef = C78D6B131D78607600F86C0B /* Header1.xib */; };
		C78D6B161D7860A300F86C0B /* Header2.xib in Resources */ = {isa = PBXBuildFile; fileRef = C78D6B151D7860A300F86C0B /* Header2.xib */; };
		D96169E6BE8AD441752CAB0A /* Pods_MAGTablesCollections_Tests.framework in Frameworks */ = {isa = PBXBuildFile; fileRef = 8D8FB40D61721BEB1ACBBB0F /* Pods_MAGTablesCollections_Tests.framework */; };
/* End PBXBuildFile section */

/* Begin PBXContainerItemProxy section */
		6003F5B3195388D20070C39A /* PBXContainerItemProxy */ = {
			isa = PBXContainerItemProxy;
			containerPortal = 6003F582195388D10070C39A /* Project object */;
			proxyType = 1;
			remoteGlobalIDString = 6003F589195388D20070C39A;
			remoteInfo = MAGTablesCollections;
		};
/* End PBXContainerItemProxy section */

/* Begin PBXFileReference section */
		5C2797173382533BAF3A43B6 /* MAGTablesCollections.podspec */ = {isa = PBXFileReference; includeInIndex = 1; lastKnownFileType = text; name = MAGTablesCollections.podspec; path = ../MAGTablesCollections.podspec; sourceTree = "<group>"; };
		6003F58A195388D20070C39A /* MAGTablesCollections_Example.app */ = {isa = PBXFileReference; explicitFileType = wrapper.application; includeInIndex = 0; path = MAGTablesCollections_Example.app; sourceTree = BUILT_PRODUCTS_DIR; };
		6003F58D195388D20070C39A /* Foundation.framework */ = {isa = PBXFileReference; lastKnownFileType = wrapper.framework; name = Foundation.framework; path = System/Library/Frameworks/Foundation.framework; sourceTree = SDKROOT; };
		6003F58F195388D20070C39A /* CoreGraphics.framework */ = {isa = PBXFileReference; lastKnownFileType = wrapper.framework; name = CoreGraphics.framework; path = System/Library/Frameworks/CoreGraphics.framework; sourceTree = SDKROOT; };
		6003F591195388D20070C39A /* UIKit.framework */ = {isa = PBXFileReference; lastKnownFileType = wrapper.framework; name = UIKit.framework; path = System/Library/Frameworks/UIKit.framework; sourceTree = SDKROOT; };
		6003F595195388D20070C39A /* MAGTablesCollections-Info.plist */ = {isa = PBXFileReference; lastKnownFileType = text.plist.xml; path = "MAGTablesCollections-Info.plist"; sourceTree = "<group>"; };
		6003F597195388D20070C39A /* en */ = {isa = PBXFileReference; lastKnownFileType = text.plist.strings; name = en; path = en.lproj/InfoPlist.strings; sourceTree = "<group>"; };
		6003F599195388D20070C39A /* main.m */ = {isa = PBXFileReference; lastKnownFileType = sourcecode.c.objc; path = main.m; sourceTree = "<group>"; };
		6003F59B195388D20070C39A /* MAGTablesCollections-Prefix.pch */ = {isa = PBXFileReference; lastKnownFileType = sourcecode.c.h; path = "MAGTablesCollections-Prefix.pch"; sourceTree = "<group>"; };
		6003F59C195388D20070C39A /* MAGAppDelegate.h */ = {isa = PBXFileReference; lastKnownFileType = sourcecode.c.h; path = MAGAppDelegate.h; sourceTree = "<group>"; };
		6003F59D195388D20070C39A /* MAGAppDelegate.m */ = {isa = PBXFileReference; lastKnownFileType = sourcecode.c.objc; path = MAGAppDelegate.m; sourceTree = "<group>"; };
		6003F5A8195388D20070C39A /* Images.xcassets */ = {isa = PBXFileReference; lastKnownFileType = folder.assetcatalog; path = Images.xcassets; sourceTree = "<group>"; };
		6003F5AE195388D20070C39A /* MAGTablesCollections_Tests.xctest */ = {isa = PBXFileReference; explicitFileType = wrapper.cfbundle; includeInIndex = 0; path = MAGTablesCollections_Tests.xctest; sourceTree = BUILT_PRODUCTS_DIR; };
		6003F5AF195388D20070C39A /* XCTest.framework */ = {isa = PBXFileReference; lastKnownFileType = wrapper.framework; name = XCTest.framework; path = Library/Frameworks/XCTest.framework; sourceTree = DEVELOPER_DIR; };
		6003F5B7195388D20070C39A /* Tests-Info.plist */ = {isa = PBXFileReference; lastKnownFileType = text.plist.xml; path = "Tests-Info.plist"; sourceTree = "<group>"; };
		6003F5B9195388D20070C39A /* en */ = {isa = PBXFileReference; lastKnownFileType = text.plist.strings; name = en; path = en.lproj/InfoPlist.strings; sourceTree = "<group>"; };
		6003F5BB195388D20070C39A /* Tests.m */ = {isa = PBXFileReference; lastKnownFileType = sourcecode.c.objc; path = Tests.m; sourceTree = "<group>"; };
		606FC2411953D9B200FFA9A0 /* Tests-Prefix.pch */ = {isa = PBXFileReference; lastKnownFileType = sourcecode.c.h; path = "Tests-Prefix.pch"; sourceTree = "<group>"; };
		6C62A11C7C43997E17B69B7B /* Pods-MAGTablesCollections_Tests.release.xcconfig */ = {isa = PBXFileReference; includeInIndex = 1; lastKnownFileType = text.xcconfig; name = "Pods-MAGTablesCollections_Tests.release.xcconfig"; path = "Pods/Target Support Files/Pods-MAGTablesCollections_Tests/Pods-MAGTablesCollections_Tests.release.xcconfig"; sourceTree = "<group>"; };
		6C83E9DF8DFA8F1D10134CFA /* Pods-MAGTablesCollections_Example.debug.xcconfig */ = {isa = PBXFileReference; includeInIndex = 1; lastKnownFileType = text.xcconfig; name = "Pods-MAGTablesCollections_Example.debug.xcconfig"; path = "Pods/Target Support Files/Pods-MAGTablesCollections_Example/Pods-MAGTablesCollections_Example.debug.xcconfig"; sourceTree = "<group>"; };
		8D8FB40D61721BEB1ACBBB0F /* Pods_MAGTablesCollections_Tests.framework */ = {isa = PBXFileReference; explicitFileType = wrapper.framework; includeInIndex = 0; path = Pods_MAGTablesCollections_Tests.framework; sourceTree = BUILT_PRODUCTS_DIR; };
		98F7B9DA7FB5033A9476539E /* README.md */ = {isa = PBXFileReference; includeInIndex = 1; lastKnownFileType = net.daringfireball.markdown; name = README.md; path = ../README.md; sourceTree = "<group>"; };
		9B494E0705C044F031ACC49F /* Pods-MAGTablesCollections_Example.release.xcconfig */ = {isa = PBXFileReference; includeInIndex = 1; lastKnownFileType = text.xcconfig; name = "Pods-MAGTablesCollections_Example.release.xcconfig"; path = "Pods/Target Support Files/Pods-MAGTablesCollections_Example/Pods-MAGTablesCollections_Example.release.xcconfig"; sourceTree = "<group>"; };
		AE82A912FE3291F449F03EF7 /* LICENSE */ = {isa = PBXFileReference; includeInIndex = 1; lastKnownFileType = text; name = LICENSE; path = ../LICENSE; sourceTree = "<group>"; };
		C78D6AE81D780D9D00F86C0B /* NOTICE */ = {isa = PBXFileReference; fileEncoding = 4; lastKnownFileType = text; name = NOTICE; path = ../NOTICE; sourceTree = "<group>"; };
		C78D6AEB1D780E4800F86C0B /* MAGComfortTextInput.gif */ = {isa = PBXFileReference; lastKnownFileType = image.gif; path = MAGComfortTextInput.gif; sourceTree = "<group>"; };
		C78D6AED1D78268E00F86C0B /* CollectionCell1.xib */ = {isa = PBXFileReference; fileEncoding = 4; lastKnownFileType = file.xib; path = CollectionCell1.xib; sourceTree = "<group>"; };
		C78D6AEE1D78268E00F86C0B /* CollectionViewController1.h */ = {isa = PBXFileReference; fileEncoding = 4; lastKnownFileType = sourcecode.c.h; path = CollectionViewController1.h; sourceTree = "<group>"; };
		C78D6AEF1D78268E00F86C0B /* CollectionViewController1.m */ = {isa = PBXFileReference; fileEncoding = 4; lastKnownFileType = sourcecode.c.objc; path = CollectionViewController1.m; sourceTree = "<group>"; };
		C78D6AF01D78268E00F86C0B /* CollectionViewController1.xib */ = {isa = PBXFileReference; fileEncoding = 4; lastKnownFileType = file.xib; path = CollectionViewController1.xib; sourceTree = "<group>"; };
		C78D6AF11D78268E00F86C0B /* MainViewController.h */ = {isa = PBXFileReference; fileEncoding = 4; lastKnownFileType = sourcecode.c.h; path = MainViewController.h; sourceTree = "<group>"; };
		C78D6AF21D78268E00F86C0B /* MainViewController.m */ = {isa = PBXFileReference; fileEncoding = 4; lastKnownFileType = sourcecode.c.objc; path = MainViewController.m; sourceTree = "<group>"; };
		C78D6AF31D78268E00F86C0B /* MainViewController.xib */ = {isa = PBXFileReference; fileEncoding = 4; lastKnownFileType = file.xib; path = MainViewController.xib; sourceTree = "<group>"; };
		C78D6AF91D7828AF00F86C0B /* CollectionManager1.h */ = {isa = PBXFileReference; fileEncoding = 4; lastKnownFileType = sourcecode.c.h; path = CollectionManager1.h; sourceTree = "<group>"; };
		C78D6AFA1D7828AF00F86C0B /* CollectionManager1.m */ = {isa = PBXFileReference; fileEncoding = 4; lastKnownFileType = sourcecode.c.objc; path = CollectionManager1.m; sourceTree = "<group>"; };
		C78D6AFC1D782D1B00F86C0B /* CollectionCell1.h */ = {isa = PBXFileReference; fileEncoding = 4; lastKnownFileType = sourcecode.c.h; path = CollectionCell1.h; sourceTree = "<group>"; };
		C78D6AFD1D782D1B00F86C0B /* CollectionCell1.m */ = {isa = PBXFileReference; fileEncoding = 4; lastKnownFileType = sourcecode.c.objc; path = CollectionCell1.m; sourceTree = "<group>"; };
		C78D6B011D7857DD00F86C0B /* TableViewController1.h */ = {isa = PBXFileReference; fileEncoding = 4; lastKnownFileType = sourcecode.c.h; path = TableViewController1.h; sourceTree = "<group>"; };
		C78D6B021D7857DD00F86C0B /* TableViewController1.m */ = {isa = PBXFileReference; fileEncoding = 4; lastKnownFileType = sourcecode.c.objc; path = TableViewController1.m; sourceTree = "<group>"; };
		C78D6B041D78585100F86C0B /* TableViewController1.xib */ = {isa = PBXFileReference; fileEncoding = 4; lastKnownFileType = file.xib; path = TableViewController1.xib; sourceTree = "<group>"; };
		C78D6B061D78588B00F86C0B /* TableManager1.h */ = {isa = PBXFileReference; fileEncoding = 4; lastKnownFileType = sourcecode.c.h; path = TableManager1.h; sourceTree = "<group>"; };
		C78D6B071D78588B00F86C0B /* TableManager1.m */ = {isa = PBXFileReference; fileEncoding = 4; lastKnownFileType = sourcecode.c.objc; path = TableManager1.m; sourceTree = "<group>"; };
		C78D6B091D7858EF00F86C0B /* Cell1.h */ = {isa = PBXFileReference; fileEncoding = 4; lastKnownFileType = sourcecode.c.h; path = Cell1.h; sourceTree = "<group>"; };
		C78D6B0A1D7858EF00F86C0B /* Cell1.m */ = {isa = PBXFileReference; fileEncoding = 4; lastKnownFileType = sourcecode.c.objc; path = Cell1.m; sourceTree = "<group>"; };
		C78D6B0C1D7858F900F86C0B /* Cell1.xib */ = {isa = PBXFileReference; fileEncoding = 4; lastKnownFileType = file.xib; path = Cell1.xib; sourceTree = "<group>"; };
		C78D6B0E1D7859D200F86C0B /* Cell2.xib */ = {isa = PBXFileReference; fileEncoding = 4; lastKnownFileType = file.xib; path = Cell2.xib; sourceTree = "<group>"; };
		C78D6B101D7859DC00F86C0B /* Cell2.h */ = {isa = PBXFileReference; fileEncoding = 4; lastKnownFileType = sourcecode.c.h; path = Cell2.h; sourceTree = "<group>"; };
		C78D6B111D7859DC00F86C0B /* Cell2.m */ = {isa = PBXFileReference; fileEncoding = 4; lastKnownFileType = sourcecode.c.objc; path = Cell2.m; sourceTree = "<group>"; };
		C78D6B131D78607600F86C0B /* Header1.xib */ = {isa = PBXFileReference; fileEncoding = 4; lastKnownFileType = file.xib; path = Header1.xib; sourceTree = "<group>"; };
		C78D6B151D7860A300F86C0B /* Header2.xib */ = {isa = PBXFileReference; fileEncoding = 4; lastKnownFileType = file.xib; path = Header2.xib; sourceTree = "<group>"; };
		D369BC9CFD346789C63528B6 /* Pods_MAGTablesCollections_Example.framework */ = {isa = PBXFileReference; explicitFileType = wrapper.framework; includeInIndex = 0; path = Pods_MAGTablesCollections_Example.framework; sourceTree = BUILT_PRODUCTS_DIR; };
		D5F6904F1D7EDF1BA6D4FCDB /* Pods-MAGTablesCollections_Tests.debug.xcconfig */ = {isa = PBXFileReference; includeInIndex = 1; lastKnownFileType = text.xcconfig; name = "Pods-MAGTablesCollections_Tests.debug.xcconfig"; path = "Pods/Target Support Files/Pods-MAGTablesCollections_Tests/Pods-MAGTablesCollections_Tests.debug.xcconfig"; sourceTree = "<group>"; };
/* End PBXFileReference section */

/* Begin PBXFrameworksBuildPhase section */
		6003F587195388D20070C39A /* Frameworks */ = {
			isa = PBXFrameworksBuildPhase;
			buildActionMask = 2147483647;
			files = (
				6003F590195388D20070C39A /* CoreGraphics.framework in Frameworks */,
				6003F592195388D20070C39A /* UIKit.framework in Frameworks */,
				6003F58E195388D20070C39A /* Foundation.framework in Frameworks */,
				6FD5D8F5257C1EF097DB0565 /* Pods_MAGTablesCollections_Example.framework in Frameworks */,
			);
			runOnlyForDeploymentPostprocessing = 0;
		};
		6003F5AB195388D20070C39A /* Frameworks */ = {
			isa = PBXFrameworksBuildPhase;
			buildActionMask = 2147483647;
			files = (
				6003F5B0195388D20070C39A /* XCTest.framework in Frameworks */,
				6003F5B2195388D20070C39A /* UIKit.framework in Frameworks */,
				6003F5B1195388D20070C39A /* Foundation.framework in Frameworks */,
				D96169E6BE8AD441752CAB0A /* Pods_MAGTablesCollections_Tests.framework in Frameworks */,
			);
			runOnlyForDeploymentPostprocessing = 0;
		};
/* End PBXFrameworksBuildPhase section */

/* Begin PBXGroup section */
		6003F581195388D10070C39A = {
			isa = PBXGroup;
			children = (
				C78D6AEA1D780E4800F86C0B /* Preview */,
				60FF7A9C1954A5C5007DD14C /* Podspec Metadata */,
				6003F593195388D20070C39A /* Example for MAGTablesCollections */,
				6003F5B5195388D20070C39A /* Tests */,
				6003F58C195388D20070C39A /* Frameworks */,
				6003F58B195388D20070C39A /* Products */,
				938A275A565A1699CB70C54F /* Pods */,
			);
			sourceTree = "<group>";
		};
		6003F58B195388D20070C39A /* Products */ = {
			isa = PBXGroup;
			children = (
				6003F58A195388D20070C39A /* MAGTablesCollections_Example.app */,
				6003F5AE195388D20070C39A /* MAGTablesCollections_Tests.xctest */,
			);
			name = Products;
			sourceTree = "<group>";
		};
		6003F58C195388D20070C39A /* Frameworks */ = {
			isa = PBXGroup;
			children = (
				6003F58D195388D20070C39A /* Foundation.framework */,
				6003F58F195388D20070C39A /* CoreGraphics.framework */,
				6003F591195388D20070C39A /* UIKit.framework */,
				6003F5AF195388D20070C39A /* XCTest.framework */,
				D369BC9CFD346789C63528B6 /* Pods_MAGTablesCollections_Example.framework */,
				8D8FB40D61721BEB1ACBBB0F /* Pods_MAGTablesCollections_Tests.framework */,
			);
			name = Frameworks;
			sourceTree = "<group>";
		};
		6003F593195388D20070C39A /* Example for MAGTablesCollections */ = {
			isa = PBXGroup;
			children = (
				6003F59C195388D20070C39A /* MAGAppDelegate.h */,
				6003F59D195388D20070C39A /* MAGAppDelegate.m */,
				C78D6AFF1D782D3700F86C0B /* CollectionExample1 */,
				C78D6B001D7857B600F86C0B /* TableExample1 */,
				C78D6AF11D78268E00F86C0B /* MainViewController.h */,
				C78D6AF21D78268E00F86C0B /* MainViewController.m */,
				C78D6AF31D78268E00F86C0B /* MainViewController.xib */,
				6003F5A8195388D20070C39A /* Images.xcassets */,
				6003F594195388D20070C39A /* Supporting Files */,
			);
			name = "Example for MAGTablesCollections";
			path = MAGTablesCollections;
			sourceTree = "<group>";
		};
		6003F594195388D20070C39A /* Supporting Files */ = {
			isa = PBXGroup;
			children = (
				6003F595195388D20070C39A /* MAGTablesCollections-Info.plist */,
				6003F596195388D20070C39A /* InfoPlist.strings */,
				6003F599195388D20070C39A /* main.m */,
				6003F59B195388D20070C39A /* MAGTablesCollections-Prefix.pch */,
			);
			name = "Supporting Files";
			sourceTree = "<group>";
		};
		6003F5B5195388D20070C39A /* Tests */ = {
			isa = PBXGroup;
			children = (
				6003F5BB195388D20070C39A /* Tests.m */,
				6003F5B6195388D20070C39A /* Supporting Files */,
			);
			path = Tests;
			sourceTree = "<group>";
		};
		6003F5B6195388D20070C39A /* Supporting Files */ = {
			isa = PBXGroup;
			children = (
				6003F5B7195388D20070C39A /* Tests-Info.plist */,
				6003F5B8195388D20070C39A /* InfoPlist.strings */,
				606FC2411953D9B200FFA9A0 /* Tests-Prefix.pch */,
			);
			name = "Supporting Files";
			sourceTree = "<group>";
		};
		60FF7A9C1954A5C5007DD14C /* Podspec Metadata */ = {
			isa = PBXGroup;
			children = (
				5C2797173382533BAF3A43B6 /* MAGTablesCollections.podspec */,
				98F7B9DA7FB5033A9476539E /* README.md */,
				AE82A912FE3291F449F03EF7 /* LICENSE */,
				C78D6AE81D780D9D00F86C0B /* NOTICE */,
			);
			name = "Podspec Metadata";
			sourceTree = "<group>";
		};
		938A275A565A1699CB70C54F /* Pods */ = {
			isa = PBXGroup;
			children = (
				6C83E9DF8DFA8F1D10134CFA /* Pods-MAGTablesCollections_Example.debug.xcconfig */,
				9B494E0705C044F031ACC49F /* Pods-MAGTablesCollections_Example.release.xcconfig */,
				D5F6904F1D7EDF1BA6D4FCDB /* Pods-MAGTablesCollections_Tests.debug.xcconfig */,
				6C62A11C7C43997E17B69B7B /* Pods-MAGTablesCollections_Tests.release.xcconfig */,
			);
			name = Pods;
			sourceTree = "<group>";
		};
		C78D6AEA1D780E4800F86C0B /* Preview */ = {
			isa = PBXGroup;
			children = (
				C78D6AEB1D780E4800F86C0B /* MAGComfortTextInput.gif */,
			);
			name = Preview;
			path = ../Preview;
			sourceTree = "<group>";
		};
		C78D6AFF1D782D3700F86C0B /* CollectionExample1 */ = {
			isa = PBXGroup;
			children = (
				C78D6AEE1D78268E00F86C0B /* CollectionViewController1.h */,
				C78D6AEF1D78268E00F86C0B /* CollectionViewController1.m */,
				C78D6AF01D78268E00F86C0B /* CollectionViewController1.xib */,
				C78D6AF91D7828AF00F86C0B /* CollectionManager1.h */,
				C78D6AFA1D7828AF00F86C0B /* CollectionManager1.m */,
				C78D6AED1D78268E00F86C0B /* CollectionCell1.xib */,
				C78D6AFC1D782D1B00F86C0B /* CollectionCell1.h */,
				C78D6AFD1D782D1B00F86C0B /* CollectionCell1.m */,
			);
			name = CollectionExample1;
			sourceTree = "<group>";
		};
		C78D6B001D7857B600F86C0B /* TableExample1 */ = {
			isa = PBXGroup;
			children = (
				C78D6B011D7857DD00F86C0B /* TableViewController1.h */,
				C78D6B021D7857DD00F86C0B /* TableViewController1.m */,
				C78D6B041D78585100F86C0B /* TableViewController1.xib */,
				C78D6B061D78588B00F86C0B /* TableManager1.h */,
				C78D6B071D78588B00F86C0B /* TableManager1.m */,
				C78D6B0C1D7858F900F86C0B /* Cell1.xib */,
				C78D6B091D7858EF00F86C0B /* Cell1.h */,
				C78D6B0A1D7858EF00F86C0B /* Cell1.m */,
				C78D6B0E1D7859D200F86C0B /* Cell2.xib */,
				C78D6B101D7859DC00F86C0B /* Cell2.h */,
				C78D6B111D7859DC00F86C0B /* Cell2.m */,
				C78D6B131D78607600F86C0B /* Header1.xib */,
				C78D6B151D7860A300F86C0B /* Header2.xib */,
			);
			name = TableExample1;
			sourceTree = "<group>";
		};
/* End PBXGroup section */

/* Begin PBXNativeTarget section */
		6003F589195388D20070C39A /* MAGTablesCollections_Example */ = {
			isa = PBXNativeTarget;
			buildConfigurationList = 6003F5BF195388D20070C39A /* Build configuration list for PBXNativeTarget "MAGTablesCollections_Example" */;
			buildPhases = (
				35DDD9F56A5A0EE941C3AEFC /* [CP] Check Pods Manifest.lock */,
				6003F586195388D20070C39A /* Sources */,
				6003F587195388D20070C39A /* Frameworks */,
				6003F588195388D20070C39A /* Resources */,
				8CB4361342E38FB3AE1F1C3D /* [CP] Embed Pods Frameworks */,
				0A843D52C2598328AAEA8BD4 /* [CP] Copy Pods Resources */,
			);
			buildRules = (
			);
			dependencies = (
			);
			name = MAGTablesCollections_Example;
			productName = MAGTablesCollections;
			productReference = 6003F58A195388D20070C39A /* MAGTablesCollections_Example.app */;
			productType = "com.apple.product-type.application";
		};
		6003F5AD195388D20070C39A /* MAGTablesCollections_Tests */ = {
			isa = PBXNativeTarget;
			buildConfigurationList = 6003F5C2195388D20070C39A /* Build configuration list for PBXNativeTarget "MAGTablesCollections_Tests" */;
			buildPhases = (
				4F296E56B708998B13B71888 /* [CP] Check Pods Manifest.lock */,
				6003F5AA195388D20070C39A /* Sources */,
				6003F5AB195388D20070C39A /* Frameworks */,
				6003F5AC195388D20070C39A /* Resources */,
				57E72269A5EB3969A7A021F6 /* [CP] Embed Pods Frameworks */,
				A8675AA2CD18E0DA7D4A65CA /* [CP] Copy Pods Resources */,
			);
			buildRules = (
			);
			dependencies = (
				6003F5B4195388D20070C39A /* PBXTargetDependency */,
			);
			name = MAGTablesCollections_Tests;
			productName = MAGTablesCollectionsTests;
			productReference = 6003F5AE195388D20070C39A /* MAGTablesCollections_Tests.xctest */;
			productType = "com.apple.product-type.bundle.unit-test";
		};
/* End PBXNativeTarget section */

/* Begin PBXProject section */
		6003F582195388D10070C39A /* Project object */ = {
			isa = PBXProject;
			attributes = {
				CLASSPREFIX = MAG;
				LastUpgradeCheck = 0720;
				ORGANIZATIONNAME = "Denis Matveev";
				TargetAttributes = {
					6003F5AD195388D20070C39A = {
						TestTargetID = 6003F589195388D20070C39A;
					};
				};
			};
			buildConfigurationList = 6003F585195388D10070C39A /* Build configuration list for PBXProject "MAGTablesCollections" */;
			compatibilityVersion = "Xcode 3.2";
			developmentRegion = English;
			hasScannedForEncodings = 0;
			knownRegions = (
				en,
				Base,
			);
			mainGroup = 6003F581195388D10070C39A;
			productRefGroup = 6003F58B195388D20070C39A /* Products */;
			projectDirPath = "";
			projectRoot = "";
			targets = (
				6003F589195388D20070C39A /* MAGTablesCollections_Example */,
				6003F5AD195388D20070C39A /* MAGTablesCollections_Tests */,
			);
		};
/* End PBXProject section */

/* Begin PBXResourcesBuildPhase section */
		6003F588195388D20070C39A /* Resources */ = {
			isa = PBXResourcesBuildPhase;
			buildActionMask = 2147483647;
			files = (
				C78D6AEC1D780E4800F86C0B /* MAGComfortTextInput.gif in Resources */,
				C78D6B051D78585100F86C0B /* TableViewController1.xib in Resources */,
				C78D6AE91D780D9D00F86C0B /* NOTICE in Resources */,
				6003F5A9195388D20070C39A /* Images.xcassets in Resources */,
				6003F598195388D20070C39A /* InfoPlist.strings in Resources */,
				C78D6AF61D78268E00F86C0B /* CollectionViewController1.xib in Resources */,
				C78D6AF81D78268E00F86C0B /* MainViewController.xib in Resources */,
				C78D6B0D1D7858F900F86C0B /* Cell1.xib in Resources */,
				C78D6B0F1D7859D200F86C0B /* Cell2.xib in Resources */,
				C78D6B141D78607600F86C0B /* Header1.xib in Resources */,
				C78D6AF41D78268E00F86C0B /* CollectionCell1.xib in Resources */,
				C78D6B161D7860A300F86C0B /* Header2.xib in Resources */,
			);
			runOnlyForDeploymentPostprocessing = 0;
		};
		6003F5AC195388D20070C39A /* Resources */ = {
			isa = PBXResourcesBuildPhase;
			buildActionMask = 2147483647;
			files = (
				6003F5BA195388D20070C39A /* InfoPlist.strings in Resources */,
			);
			runOnlyForDeploymentPostprocessing = 0;
		};
/* End PBXResourcesBuildPhase section */

/* Begin PBXShellScriptBuildPhase section */
		0A843D52C2598328AAEA8BD4 /* [CP] Copy Pods Resources */ = {
			isa = PBXShellScriptBuildPhase;
			buildActionMask = 2147483647;
			files = (
			);
			inputPaths = (
			);
			name = "[CP] Copy Pods Resources";
			outputPaths = (
			);
			runOnlyForDeploymentPostprocessing = 0;
			shellPath = /bin/sh;
			shellScript = "\"${SRCROOT}/Pods/Target Support Files/Pods-MAGTablesCollections_Example/Pods-MAGTablesCollections_Example-resources.sh\"\n";
			showEnvVarsInLog = 0;
		};
		35DDD9F56A5A0EE941C3AEFC /* [CP] Check Pods Manifest.lock */ = {
			isa = PBXShellScriptBuildPhase;
			buildActionMask = 2147483647;
			files = (
			);
			inputPaths = (
			);
			name = "[CP] Check Pods Manifest.lock";
			outputPaths = (
			);
			runOnlyForDeploymentPostprocessing = 0;
			shellPath = /bin/sh;
			shellScript = "diff \"${PODS_ROOT}/../Podfile.lock\" \"${PODS_ROOT}/Manifest.lock\" > /dev/null\nif [ $? != 0 ] ; then\n    # print error to STDERR\n    echo \"error: The sandbox is not in sync with the Podfile.lock. Run 'pod install' or update your CocoaPods installation.\" >&2\n    exit 1\nfi\n";
			showEnvVarsInLog = 0;
		};
		4F296E56B708998B13B71888 /* [CP] Check Pods Manifest.lock */ = {
			isa = PBXShellScriptBuildPhase;
			buildActionMask = 2147483647;
			files = (
			);
			inputPaths = (
			);
			name = "[CP] Check Pods Manifest.lock";
			outputPaths = (
			);
			runOnlyForDeploymentPostprocessing = 0;
			shellPath = /bin/sh;
			shellScript = "diff \"${PODS_ROOT}/../Podfile.lock\" \"${PODS_ROOT}/Manifest.lock\" > /dev/null\nif [ $? != 0 ] ; then\n    # print error to STDERR\n    echo \"error: The sandbox is not in sync with the Podfile.lock. Run 'pod install' or update your CocoaPods installation.\" >&2\n    exit 1\nfi\n";
			showEnvVarsInLog = 0;
		};
		57E72269A5EB3969A7A021F6 /* [CP] Embed Pods Frameworks */ = {
			isa = PBXShellScriptBuildPhase;
			buildActionMask = 2147483647;
			files = (
			);
			inputPaths = (
			);
			name = "[CP] Embed Pods Frameworks";
			outputPaths = (
			);
			runOnlyForDeploymentPostprocessing = 0;
			shellPath = /bin/sh;
			shellScript = "\"${SRCROOT}/Pods/Target Support Files/Pods-MAGTablesCollections_Tests/Pods-MAGTablesCollections_Tests-frameworks.sh\"\n";
			showEnvVarsInLog = 0;
		};
		8CB4361342E38FB3AE1F1C3D /* [CP] Embed Pods Frameworks */ = {
			isa = PBXShellScriptBuildPhase;
			buildActionMask = 2147483647;
			files = (
			);
			inputPaths = (
			);
			name = "[CP] Embed Pods Frameworks";
			outputPaths = (
			);
			runOnlyForDeploymentPostprocessing = 0;
			shellPath = /bin/sh;
			shellScript = "\"${SRCROOT}/Pods/Target Support Files/Pods-MAGTablesCollections_Example/Pods-MAGTablesCollections_Example-frameworks.sh\"\n";
			showEnvVarsInLog = 0;
		};
		A8675AA2CD18E0DA7D4A65CA /* [CP] Copy Pods Resources */ = {
			isa = PBXShellScriptBuildPhase;
			buildActionMask = 2147483647;
			files = (
			);
			inputPaths = (
			);
			name = "[CP] Copy Pods Resources";
			outputPaths = (
			);
			runOnlyForDeploymentPostprocessing = 0;
			shellPath = /bin/sh;
			shellScript = "\"${SRCROOT}/Pods/Target Support Files/Pods-MAGTablesCollections_Tests/Pods-MAGTablesCollections_Tests-resources.sh\"\n";
			showEnvVarsInLog = 0;
		};
/* End PBXShellScriptBuildPhase section */

/* Begin PBXSourcesBuildPhase section */
		6003F586195388D20070C39A /* Sources */ = {
			isa = PBXSourcesBuildPhase;
			buildActionMask = 2147483647;
			files = (
				C78D6B0B1D7858EF00F86C0B /* Cell1.m in Sources */,
				C78D6B031D7857DD00F86C0B /* TableViewController1.m in Sources */,
				C78D6B121D7859DC00F86C0B /* Cell2.m in Sources */,
				6003F59E195388D20070C39A /* MAGAppDelegate.m in Sources */,
				C78D6AF51D78268E00F86C0B /* CollectionViewController1.m in Sources */,
				6003F59A195388D20070C39A /* main.m in Sources */,
				C78D6AFE1D782D1B00F86C0B /* CollectionCell1.m in Sources */,
				C78D6AFB1D7828AF00F86C0B /* CollectionManager1.m in Sources */,
				C78D6B081D78588B00F86C0B /* TableManager1.m in Sources */,
				C78D6AF71D78268E00F86C0B /* MainViewController.m in Sources */,
			);
			runOnlyForDeploymentPostprocessing = 0;
		};
		6003F5AA195388D20070C39A /* Sources */ = {
			isa = PBXSourcesBuildPhase;
			buildActionMask = 2147483647;
			files = (
				6003F5BC195388D20070C39A /* Tests.m in Sources */,
			);
			runOnlyForDeploymentPostprocessing = 0;
		};
/* End PBXSourcesBuildPhase section */

/* Begin PBXTargetDependency section */
		6003F5B4195388D20070C39A /* PBXTargetDependency */ = {
			isa = PBXTargetDependency;
			target = 6003F589195388D20070C39A /* MAGTablesCollections_Example */;
			targetProxy = 6003F5B3195388D20070C39A /* PBXContainerItemProxy */;
		};
/* End PBXTargetDependency section */

/* Begin PBXVariantGroup section */
		6003F596195388D20070C39A /* InfoPlist.strings */ = {
			isa = PBXVariantGroup;
			children = (
				6003F597195388D20070C39A /* en */,
			);
			name = InfoPlist.strings;
			sourceTree = "<group>";
		};
		6003F5B8195388D20070C39A /* InfoPlist.strings */ = {
			isa = PBXVariantGroup;
			children = (
				6003F5B9195388D20070C39A /* en */,
			);
			name = InfoPlist.strings;
			sourceTree = "<group>";
		};
/* End PBXVariantGroup section */

/* Begin XCBuildConfiguration section */
		6003F5BD195388D20070C39A /* Debug */ = {
			isa = XCBuildConfiguration;
			buildSettings = {
				ALWAYS_SEARCH_USER_PATHS = NO;
				CLANG_CXX_LANGUAGE_STANDARD = "gnu++0x";
				CLANG_CXX_LIBRARY = "libc++";
				CLANG_ENABLE_MODULES = YES;
				CLANG_ENABLE_OBJC_ARC = YES;
				CLANG_WARN_BOOL_CONVERSION = YES;
				CLANG_WARN_CONSTANT_CONVERSION = YES;
				CLANG_WARN_DIRECT_OBJC_ISA_USAGE = YES_ERROR;
				CLANG_WARN_EMPTY_BODY = YES;
				CLANG_WARN_ENUM_CONVERSION = YES;
				CLANG_WARN_INT_CONVERSION = YES;
				CLANG_WARN_OBJC_ROOT_CLASS = YES_ERROR;
				CLANG_WARN__DUPLICATE_METHOD_MATCH = YES;
				COPY_PHASE_STRIP = NO;
				ENABLE_TESTABILITY = YES;
				GCC_C_LANGUAGE_STANDARD = gnu99;
				GCC_DYNAMIC_NO_PIC = NO;
				GCC_OPTIMIZATION_LEVEL = 0;
				GCC_PREPROCESSOR_DEFINITIONS = (
					"DEBUG=1",
					"$(inherited)",
				);
				GCC_SYMBOLS_PRIVATE_EXTERN = NO;
				GCC_WARN_64_TO_32_BIT_CONVERSION = YES;
				GCC_WARN_ABOUT_RETURN_TYPE = YES_ERROR;
				GCC_WARN_UNDECLARED_SELECTOR = YES;
				GCC_WARN_UNINITIALIZED_AUTOS = YES_AGGRESSIVE;
				GCC_WARN_UNUSED_FUNCTION = YES;
				GCC_WARN_UNUSED_VARIABLE = YES;
				IPHONEOS_DEPLOYMENT_TARGET = 8.3;
				ONLY_ACTIVE_ARCH = YES;
				SDKROOT = iphoneos;
				TARGETED_DEVICE_FAMILY = "1,2";
			};
			name = Debug;
		};
		6003F5BE195388D20070C39A /* Release */ = {
			isa = XCBuildConfiguration;
			buildSettings = {
				ALWAYS_SEARCH_USER_PATHS = NO;
				CLANG_CXX_LANGUAGE_STANDARD = "gnu++0x";
				CLANG_CXX_LIBRARY = "libc++";
				CLANG_ENABLE_MODULES = YES;
				CLANG_ENABLE_OBJC_ARC = YES;
				CLANG_WARN_BOOL_CONVERSION = YES;
				CLANG_WARN_CONSTANT_CONVERSION = YES;
				CLANG_WARN_DIRECT_OBJC_ISA_USAGE = YES_ERROR;
				CLANG_WARN_EMPTY_BODY = YES;
				CLANG_WARN_ENUM_CONVERSION = YES;
				CLANG_WARN_INT_CONVERSION = YES;
				CLANG_WARN_OBJC_ROOT_CLASS = YES_ERROR;
				CLANG_WARN__DUPLICATE_METHOD_MATCH = YES;
				COPY_PHASE_STRIP = YES;
				ENABLE_NS_ASSERTIONS = NO;
				GCC_C_LANGUAGE_STANDARD = gnu99;
				GCC_WARN_64_TO_32_BIT_CONVERSION = YES;
				GCC_WARN_ABOUT_RETURN_TYPE = YES_ERROR;
				GCC_WARN_UNDECLARED_SELECTOR = YES;
				GCC_WARN_UNINITIALIZED_AUTOS = YES_AGGRESSIVE;
				GCC_WARN_UNUSED_FUNCTION = YES;
				GCC_WARN_UNUSED_VARIABLE = YES;
				IPHONEOS_DEPLOYMENT_TARGET = 8.3;
				SDKROOT = iphoneos;
				TARGETED_DEVICE_FAMILY = "1,2";
				VALIDATE_PRODUCT = YES;
			};
			name = Release;
		};
		6003F5C0195388D20070C39A /* Debug */ = {
			isa = XCBuildConfiguration;
			baseConfigurationReference = 6C83E9DF8DFA8F1D10134CFA /* Pods-MAGTablesCollections_Example.debug.xcconfig */;
			buildSettings = {
				ASSETCATALOG_COMPILER_APPICON_NAME = AppIcon;
				ASSETCATALOG_COMPILER_LAUNCHIMAGE_NAME = LaunchImage;
				DEBUG_INFORMATION_FORMAT = dwarf;
				GCC_PRECOMPILE_PREFIX_HEADER = YES;
				GCC_PREFIX_HEADER = "MAGTablesCollections/MAGTablesCollections-Prefix.pch";
				INFOPLIST_FILE = "MAGTablesCollections/MAGTablesCollections-Info.plist";
				MODULE_NAME = ExampleApp;
				PRODUCT_BUNDLE_IDENTIFIER = "org.cocoapods.demo.${PRODUCT_NAME:rfc1034identifier}";
				PRODUCT_NAME = "$(TARGET_NAME)";
				WRAPPER_EXTENSION = app;
			};
			name = Debug;
		};
		6003F5C1195388D20070C39A /* Release */ = {
			isa = XCBuildConfiguration;
			baseConfigurationReference = 9B494E0705C044F031ACC49F /* Pods-MAGTablesCollections_Example.release.xcconfig */;
			buildSettings = {
				ASSETCATALOG_COMPILER_APPICON_NAME = AppIcon;
				ASSETCATALOG_COMPILER_LAUNCHIMAGE_NAME = LaunchImage;
				GCC_PRECOMPILE_PREFIX_HEADER = YES;
				GCC_PREFIX_HEADER = "MAGTablesCollections/MAGTablesCollections-Prefix.pch";
				INFOPLIST_FILE = "MAGTablesCollections/MAGTablesCollections-Info.plist";
				MODULE_NAME = ExampleApp;
				PRODUCT_BUNDLE_IDENTIFIER = "org.cocoapods.demo.${PRODUCT_NAME:rfc1034identifier}";
				PRODUCT_NAME = "$(TARGET_NAME)";
				WRAPPER_EXTENSION = app;
			};
			name = Release;
		};
		6003F5C3195388D20070C39A /* Debug */ = {
			isa = XCBuildConfiguration;
			baseConfigurationReference = D5F6904F1D7EDF1BA6D4FCDB /* Pods-MAGTablesCollections_Tests.debug.xcconfig */;
			buildSettings = {
				BUNDLE_LOADER = "$(TEST_HOST)";
				FRAMEWORK_SEARCH_PATHS = (
					"$(SDKROOT)/Developer/Library/Frameworks",
					"$(inherited)",
					"$(DEVELOPER_FRAMEWORKS_DIR)",
				);
				GCC_PRECOMPILE_PREFIX_HEADER = YES;
				GCC_PREFIX_HEADER = "Tests/Tests-Prefix.pch";
				GCC_PREPROCESSOR_DEFINITIONS = (
					"DEBUG=1",
					"$(inherited)",
				);
				INFOPLIST_FILE = "Tests/Tests-Info.plist";
				PRODUCT_BUNDLE_IDENTIFIER = "org.cocoapods.demo.${PRODUCT_NAME:rfc1034identifier}";
				PRODUCT_NAME = "$(TARGET_NAME)";
				TEST_HOST = "$(BUILT_PRODUCTS_DIR)/MAGTablesCollections_Example.app/MAGTablesCollections_Example";
				WRAPPER_EXTENSION = xctest;
			};
			name = Debug;
		};
		6003F5C4195388D20070C39A /* Release */ = {
			isa = XCBuildConfiguration;
			baseConfigurationReference = 6C62A11C7C43997E17B69B7B /* Pods-MAGTablesCollections_Tests.release.xcconfig */;
			buildSettings = {
				BUNDLE_LOADER = "$(TEST_HOST)";
				FRAMEWORK_SEARCH_PATHS = (
					"$(SDKROOT)/Developer/Library/Frameworks",
					"$(inherited)",
					"$(DEVELOPER_FRAMEWORKS_DIR)",
				);
				GCC_PRECOMPILE_PREFIX_HEADER = YES;
				GCC_PREFIX_HEADER = "Tests/Tests-Prefix.pch";
				INFOPLIST_FILE = "Tests/Tests-Info.plist";
				PRODUCT_BUNDLE_IDENTIFIER = "org.cocoapods.demo.${PRODUCT_NAME:rfc1034identifier}";
				PRODUCT_NAME = "$(TARGET_NAME)";
				TEST_HOST = "$(BUILT_PRODUCTS_DIR)/MAGTablesCollections_Example.app/MAGTablesCollections_Example";
				WRAPPER_EXTENSION = xctest;
			};
			name = Release;
		};
/* End XCBuildConfiguration section */

/* Begin XCConfigurationList section */
		6003F585195388D10070C39A /* Build configuration list for PBXProject "MAGTablesCollections" */ = {
			isa = XCConfigurationList;
			buildConfigurations = (
				6003F5BD195388D20070C39A /* Debug */,
				6003F5BE195388D20070C39A /* Release */,
			);
			defaultConfigurationIsVisible = 0;
			defaultConfigurationName = Release;
		};
		6003F5BF195388D20070C39A /* Build configuration list for PBXNativeTarget "MAGTablesCollections_Example" */ = {
			isa = XCConfigurationList;
			buildConfigurations = (
				6003F5C0195388D20070C39A /* Debug */,
				6003F5C1195388D20070C39A /* Release */,
			);
			defaultConfigurationIsVisible = 0;
			defaultConfigurationName = Release;
		};
		6003F5C2195388D20070C39A /* Build configuration list for PBXNativeTarget "MAGTablesCollections_Tests" */ = {
			isa = XCConfigurationList;
			buildConfigurations = (
				6003F5C3195388D20070C39A /* Debug */,
				6003F5C4195388D20070C39A /* Release */,
			);
			defaultConfigurationIsVisible = 0;
			defaultConfigurationName = Release;
		};
/* End XCConfigurationList section */
	};
	rootObject = 6003F582195388D10070C39A /* Project object */;
}
